
Microsoft Visual Studio Solution File, Format Version 12.00
# Visual Studio Version 17
VisualStudioVersion = 17.14.36804.6 d17.14
MinimumVisualStudioVersion = 10.0.40219.1
Project("{8BC9CEB8-8B4A-11D0-8D11-00A0C91BC942}") = "CS_313_Lab_1_Linked_List", "CS_313_Lab_1_Linked_List\CS_313_Lab_1_Linked_List.vcxproj", "{1AA85720-E9A5-41E7-AF2D-0FEBA3492604}"
EndProject
Global
	GlobalSection(SolutionConfigurationPlatforms) = preSolution
		Debug|x64 = Debug|x64
		Debug|x86 = Debug|x86
		Release|x64 = Release|x64
		Release|x86 = Release|x86
	EndGlobalSection
	GlobalSection(ProjectConfigurationPlatforms) = postSolution
		{1AA85720-E9A5-41E7-AF2D-0FEBA3492604}.Debug|x64.ActiveCfg = Debug|x64
		{1AA85720-E9A5-41E7-AF2D-0FEBA3492604}.Debug|x64.Build.0 = Debug|x64
		{1AA85720-E9A5-41E7-AF2D-0FEBA3492604}.Debug|x86.ActiveCfg = Debug|Win32
		{1AA85720-E9A5-41E7-AF2D-0FEBA3492604}.Debug|x86.Build.0 = Debug|Win32
		{1AA85720-E9A5-41E7-AF2D-0FEBA3492604}.Release|x64.ActiveCfg = Release|x64
		{1AA85720-E9A5-41E7-AF2D-0FEBA3492604}.Release|x64.Build.0 = Release|x64
		{1AA85720-E9A5-41E7-AF2D-0FEBA3492604}.Release|x86.ActiveCfg = Release|Win32
		{1AA85720-E9A5-41E7-AF2D-0FEBA3492604}.Release|x86.Build.0 = Release|Win32
	EndGlobalSection
	GlobalSection(SolutionProperties) = preSolution
		HideSolutionNode = FALSE
	EndGlobalSection
	GlobalSection(ExtensibilityGlobals) = postSolution
		SolutionGuid = {95DEC028-2AE9-4BC0-AAEB-7E060AFEA5E9}
	EndGlobalSection
EndGlobal
